
Microsoft Visual Studio Solution File, Format Version 12.00
# Visual Studio Version 16
VisualStudioVersion = 16.0.30517.126
MinimumVisualStudioVersion = 10.0.40219.1
Project("{9A19103F-16F7-4668-BE54-9A1E7A4F7556}") = "CinelAirMiles.Common", "CinelAirMiles.Common\CinelAirMiles.Common.csproj", "{AFAB44AE-8D70-4BCA-9187-68E50A45624B}"
EndProject
Project("{9A19103F-16F7-4668-BE54-9A1E7A4F7556}") = "CinelAirMiles.Prism", "CinelAirMiles.Prism\CinelAirMiles.Prism\CinelAirMiles.Prism.csproj", "{AC5124E4-66A7-433E-AB67-A7EA51EF0DEC}"
EndProject
Project("{FAE04EC0-301F-11D3-BF4B-00C04F79EFBC}") = "CinelAirMiles.Prism.Android", "CinelAirMiles.Prism\CinelAirMiles.Prism.Android\CinelAirMiles.Prism.Android.csproj", "{93B89ECA-3740-4395-B2B6-D6D9CB9E5896}"
EndProject
Project("{FAE04EC0-301F-11D3-BF4B-00C04F79EFBC}") = "CinelAirMiles.Prism.iOS", "CinelAirMiles.Prism\CinelAirMiles.Prism.iOS\CinelAirMiles.Prism.iOS.csproj", "{0B69E8EA-02CE-4DFD-AB52-31F6F9E6B8E7}"
EndProject
Project("{9A19103F-16F7-4668-BE54-9A1E7A4F7556}") = "CinelAirMiles.Web.Frontoffice", "CinelAirMiles.Web.Frontoffice\CinelAirMiles.Web.Frontoffice.csproj", "{566B4EAB-8BF1-48B7-869D-104FA1F9A70D}"
EndProject
Project("{9A19103F-16F7-4668-BE54-9A1E7A4F7556}") = "CinelAirMiles.Web.Backoffice", "CinelAirMiles.Web.Backoffice\CinelAirMiles.Web.Backoffice.csproj", "{1A611F15-58EB-40F4-A134-DA0A07ED2CBD}"
EndProject
Project("{9A19103F-16F7-4668-BE54-9A1E7A4F7556}") = "CinelAirMiles.Web.API", "CinelAirMiles.Web.API\CinelAirMiles.Web.API.csproj", "{00713D0D-287B-415D-9E48-EF7793CF2F36}"
EndProject
Global
	GlobalSection(SolutionConfigurationPlatforms) = preSolution
		Ad-Hoc|Any CPU = Ad-Hoc|Any CPU
		Ad-Hoc|iPhone = Ad-Hoc|iPhone
		Ad-Hoc|iPhoneSimulator = Ad-Hoc|iPhoneSimulator
		AppStore|Any CPU = AppStore|Any CPU
		AppStore|iPhone = AppStore|iPhone
		AppStore|iPhoneSimulator = AppStore|iPhoneSimulator
		Debug|Any CPU = Debug|Any CPU
		Debug|iPhone = Debug|iPhone
		Debug|iPhoneSimulator = Debug|iPhoneSimulator
		Release|Any CPU = Release|Any CPU
		Release|iPhone = Release|iPhone
		Release|iPhoneSimulator = Release|iPhoneSimulator
	EndGlobalSection
	GlobalSection(ProjectConfigurationPlatforms) = postSolution
		{AFAB44AE-8D70-4BCA-9187-68E50A45624B}.Ad-Hoc|Any CPU.ActiveCfg = Release|Any CPU
		{AFAB44AE-8D70-4BCA-9187-68E50A45624B}.Ad-Hoc|Any CPU.Build.0 = Release|Any CPU
		{AFAB44AE-8D70-4BCA-9187-68E50A45624B}.Ad-Hoc|iPhone.ActiveCfg = Release|Any CPU
		{AFAB44AE-8D70-4BCA-9187-68E50A45624B}.Ad-Hoc|iPhone.Build.0 = Release|Any CPU
		{AFAB44AE-8D70-4BCA-9187-68E50A45624B}.Ad-Hoc|iPhoneSimulator.ActiveCfg = Release|Any CPU
		{AFAB44AE-8D70-4BCA-9187-68E50A45624B}.Ad-Hoc|iPhoneSimulator.Build.0 = Release|Any CPU
		{AFAB44AE-8D70-4BCA-9187-68E50A45624B}.AppStore|Any CPU.ActiveCfg = Release|Any CPU
		{AFAB44AE-8D70-4BCA-9187-68E50A45624B}.AppStore|Any CPU.Build.0 = Release|Any CPU
		{AFAB44AE-8D70-4BCA-9187-68E50A45624B}.AppStore|iPhone.ActiveCfg = Release|Any CPU
		{AFAB44AE-8D70-4BCA-9187-68E50A45624B}.AppStore|iPhone.Build.0 = Release|Any CPU
		{AFAB44AE-8D70-4BCA-9187-68E50A45624B}.AppStore|iPhoneSimulator.ActiveCfg = Release|Any CPU
		{AFAB44AE-8D70-4BCA-9187-68E50A45624B}.AppStore|iPhoneSimulator.Build.0 = Release|Any CPU
		{AFAB44AE-8D70-4BCA-9187-68E50A45624B}.Debug|Any CPU.ActiveCfg = Debug|Any CPU
		{AFAB44AE-8D70-4BCA-9187-68E50A45624B}.Debug|Any CPU.Build.0 = Debug|Any CPU
		{AFAB44AE-8D70-4BCA-9187-68E50A45624B}.Debug|iPhone.ActiveCfg = Debug|Any CPU
		{AFAB44AE-8D70-4BCA-9187-68E50A45624B}.Debug|iPhone.Build.0 = Debug|Any CPU
		{AFAB44AE-8D70-4BCA-9187-68E50A45624B}.Debug|iPhoneSimulator.ActiveCfg = Debug|Any CPU
		{AFAB44AE-8D70-4BCA-9187-68E50A45624B}.Debug|iPhoneSimulator.Build.0 = Debug|Any CPU
		{AFAB44AE-8D70-4BCA-9187-68E50A45624B}.Release|Any CPU.ActiveCfg = Release|Any CPU
		{AFAB44AE-8D70-4BCA-9187-68E50A45624B}.Release|Any CPU.Build.0 = Release|Any CPU
		{AFAB44AE-8D70-4BCA-9187-68E50A45624B}.Release|iPhone.ActiveCfg = Release|Any CPU
		{AFAB44AE-8D70-4BCA-9187-68E50A45624B}.Release|iPhone.Build.0 = Release|Any CPU
		{AFAB44AE-8D70-4BCA-9187-68E50A45624B}.Release|iPhoneSimulator.ActiveCfg = Release|Any CPU
		{AFAB44AE-8D70-4BCA-9187-68E50A45624B}.Release|iPhoneSimulator.Build.0 = Release|Any CPU
		{AC5124E4-66A7-433E-AB67-A7EA51EF0DEC}.Ad-Hoc|Any CPU.ActiveCfg = Release|Any CPU
		{AC5124E4-66A7-433E-AB67-A7EA51EF0DEC}.Ad-Hoc|Any CPU.Build.0 = Release|Any CPU
		{AC5124E4-66A7-433E-AB67-A7EA51EF0DEC}.Ad-Hoc|iPhone.ActiveCfg = Release|Any CPU
		{AC5124E4-66A7-433E-AB67-A7EA51EF0DEC}.Ad-Hoc|iPhone.Build.0 = Release|Any CPU
		{AC5124E4-66A7-433E-AB67-A7EA51EF0DEC}.Ad-Hoc|iPhoneSimulator.ActiveCfg = Release|Any CPU
		{AC5124E4-66A7-433E-AB67-A7EA51EF0DEC}.Ad-Hoc|iPhoneSimulator.Build.0 = Release|Any CPU
		{AC5124E4-66A7-433E-AB67-A7EA51EF0DEC}.AppStore|Any CPU.ActiveCfg = Release|Any CPU
		{AC5124E4-66A7-433E-AB67-A7EA51EF0DEC}.AppStore|Any CPU.Build.0 = Release|Any CPU
		{AC5124E4-66A7-433E-AB67-A7EA51EF0DEC}.AppStore|iPhone.ActiveCfg = Release|Any CPU
		{AC5124E4-66A7-433E-AB67-A7EA51EF0DEC}.AppStore|iPhone.Build.0 = Release|Any CPU
		{AC5124E4-66A7-433E-AB67-A7EA51EF0DEC}.AppStore|iPhoneSimulator.ActiveCfg = Release|Any CPU
		{AC5124E4-66A7-433E-AB67-A7EA51EF0DEC}.AppStore|iPhoneSimulator.Build.0 = Release|Any CPU
		{AC5124E4-66A7-433E-AB67-A7EA51EF0DEC}.Debug|Any CPU.ActiveCfg = Debug|Any CPU
		{AC5124E4-66A7-433E-AB67-A7EA51EF0DEC}.Debug|Any CPU.Build.0 = Debug|Any CPU
		{AC5124E4-66A7-433E-AB67-A7EA51EF0DEC}.Debug|iPhone.ActiveCfg = Debug|Any CPU
		{AC5124E4-66A7-433E-AB67-A7EA51EF0DEC}.Debug|iPhone.Build.0 = Debug|Any CPU
		{AC5124E4-66A7-433E-AB67-A7EA51EF0DEC}.Debug|iPhoneSimulator.ActiveCfg = Debug|Any CPU
		{AC5124E4-66A7-433E-AB67-A7EA51EF0DEC}.Debug|iPhoneSimulator.Build.0 = Debug|Any CPU
		{AC5124E4-66A7-433E-AB67-A7EA51EF0DEC}.Release|Any CPU.ActiveCfg = Release|Any CPU
		{AC5124E4-66A7-433E-AB67-A7EA51EF0DEC}.Release|Any CPU.Build.0 = Release|Any CPU
		{AC5124E4-66A7-433E-AB67-A7EA51EF0DEC}.Release|iPhone.ActiveCfg = Release|Any CPU
		{AC5124E4-66A7-433E-AB67-A7EA51EF0DEC}.Release|iPhone.Build.0 = Release|Any CPU
		{AC5124E4-66A7-433E-AB67-A7EA51EF0DEC}.Release|iPhoneSimulator.ActiveCfg = Release|Any CPU
		{AC5124E4-66A7-433E-AB67-A7EA51EF0DEC}.Release|iPhoneSimulator.Build.0 = Release|Any CPU
		{93B89ECA-3740-4395-B2B6-D6D9CB9E5896}.Ad-Hoc|Any CPU.ActiveCfg = Debug|Any CPU
		{93B89ECA-3740-4395-B2B6-D6D9CB9E5896}.Ad-Hoc|Any CPU.Build.0 = Debug|Any CPU
		{93B89ECA-3740-4395-B2B6-D6D9CB9E5896}.Ad-Hoc|Any CPU.Deploy.0 = Debug|Any CPU
		{93B89ECA-3740-4395-B2B6-D6D9CB9E5896}.Ad-Hoc|iPhone.ActiveCfg = Debug|Any CPU
		{93B89ECA-3740-4395-B2B6-D6D9CB9E5896}.Ad-Hoc|iPhone.Build.0 = Debug|Any CPU
		{93B89ECA-3740-4395-B2B6-D6D9CB9E5896}.Ad-Hoc|iPhone.Deploy.0 = Debug|Any CPU
		{93B89ECA-3740-4395-B2B6-D6D9CB9E5896}.Ad-Hoc|iPhoneSimulator.ActiveCfg = Debug|Any CPU
		{93B89ECA-3740-4395-B2B6-D6D9CB9E5896}.Ad-Hoc|iPhoneSimulator.Build.0 = Debug|Any CPU
		{93B89ECA-3740-4395-B2B6-D6D9CB9E5896}.Ad-Hoc|iPhoneSimulator.Deploy.0 = Debug|Any CPU
		{93B89ECA-3740-4395-B2B6-D6D9CB9E5896}.AppStore|Any CPU.ActiveCfg = Debug|Any CPU
		{93B89ECA-3740-4395-B2B6-D6D9CB9E5896}.AppStore|Any CPU.Build.0 = Debug|Any CPU
		{93B89ECA-3740-4395-B2B6-D6D9CB9E5896}.AppStore|Any CPU.Deploy.0 = Debug|Any CPU
		{93B89ECA-3740-4395-B2B6-D6D9CB9E5896}.AppStore|iPhone.ActiveCfg = Debug|Any CPU
		{93B89ECA-3740-4395-B2B6-D6D9CB9E5896}.AppStore|iPhone.Build.0 = Debug|Any CPU
		{93B89ECA-3740-4395-B2B6-D6D9CB9E5896}.AppStore|iPhone.Deploy.0 = Debug|Any CPU
		{93B89ECA-3740-4395-B2B6-D6D9CB9E5896}.AppStore|iPhoneSimulator.ActiveCfg = Debug|Any CPU
		{93B89ECA-3740-4395-B2B6-D6D9CB9E5896}.AppStore|iPhoneSimulator.Build.0 = Debug|Any CPU
		{93B89ECA-3740-4395-B2B6-D6D9CB9E5896}.AppStore|iPhoneSimulator.Deploy.0 = Debug|Any CPU
		{93B89ECA-3740-4395-B2B6-D6D9CB9E5896}.Debug|Any CPU.ActiveCfg = Debug|Any CPU
		{93B89ECA-3740-4395-B2B6-D6D9CB9E5896}.Debug|Any CPU.Build.0 = Debug|Any CPU
		{93B89ECA-3740-4395-B2B6-D6D9CB9E5896}.Debug|Any CPU.Deploy.0 = Debug|Any CPU
		{93B89ECA-3740-4395-B2B6-D6D9CB9E5896}.Debug|iPhone.ActiveCfg = Debug|Any CPU
		{93B89ECA-3740-4395-B2B6-D6D9CB9E5896}.Debug|iPhone.Build.0 = Debug|Any CPU
		{93B89ECA-3740-4395-B2B6-D6D9CB9E5896}.Debug|iPhone.Deploy.0 = Debug|Any CPU
		{93B89ECA-3740-4395-B2B6-D6D9CB9E5896}.Debug|iPhoneSimulator.ActiveCfg = Debug|Any CPU
		{93B89ECA-3740-4395-B2B6-D6D9CB9E5896}.Debug|iPhoneSimulator.Build.0 = Debug|Any CPU
		{93B89ECA-3740-4395-B2B6-D6D9CB9E5896}.Debug|iPhoneSimulator.Deploy.0 = Debug|Any CPU
		{93B89ECA-3740-4395-B2B6-D6D9CB9E5896}.Release|Any CPU.ActiveCfg = Release|Any CPU
		{93B89ECA-3740-4395-B2B6-D6D9CB9E5896}.Release|Any CPU.Build.0 = Release|Any CPU
		{93B89ECA-3740-4395-B2B6-D6D9CB9E5896}.Release|Any CPU.Deploy.0 = Release|Any CPU
		{93B89ECA-3740-4395-B2B6-D6D9CB9E5896}.Release|iPhone.ActiveCfg = Release|Any CPU
		{93B89ECA-3740-4395-B2B6-D6D9CB9E5896}.Release|iPhone.Build.0 = Release|Any CPU
		{93B89ECA-3740-4395-B2B6-D6D9CB9E5896}.Release|iPhone.Deploy.0 = Release|Any CPU
		{93B89ECA-3740-4395-B2B6-D6D9CB9E5896}.Release|iPhoneSimulator.ActiveCfg = Release|Any CPU
		{93B89ECA-3740-4395-B2B6-D6D9CB9E5896}.Release|iPhoneSimulator.Build.0 = Release|Any CPU
		{93B89ECA-3740-4395-B2B6-D6D9CB9E5896}.Release|iPhoneSimulator.Deploy.0 = Release|Any CPU
		{0B69E8EA-02CE-4DFD-AB52-31F6F9E6B8E7}.Ad-Hoc|Any CPU.ActiveCfg = Ad-Hoc|iPhoneSimulator
		{0B69E8EA-02CE-4DFD-AB52-31F6F9E6B8E7}.Ad-Hoc|iPhone.ActiveCfg = Ad-Hoc|iPhone
		{0B69E8EA-02CE-4DFD-AB52-31F6F9E6B8E7}.Ad-Hoc|iPhone.Build.0 = Ad-Hoc|iPhone
		{0B69E8EA-02CE-4DFD-AB52-31F6F9E6B8E7}.Ad-Hoc|iPhoneSimulator.ActiveCfg = Ad-Hoc|iPhoneSimulator
		{0B69E8EA-02CE-4DFD-AB52-31F6F9E6B8E7}.Ad-Hoc|iPhoneSimulator.Build.0 = Ad-Hoc|iPhoneSimulator
		{0B69E8EA-02CE-4DFD-AB52-31F6F9E6B8E7}.AppStore|Any CPU.ActiveCfg = AppStore|iPhoneSimulator
		{0B69E8EA-02CE-4DFD-AB52-31F6F9E6B8E7}.AppStore|iPhone.ActiveCfg = AppStore|iPhone
		{0B69E8EA-02CE-4DFD-AB52-31F6F9E6B8E7}.AppStore|iPhone.Build.0 = AppStore|iPhone
		{0B69E8EA-02CE-4DFD-AB52-31F6F9E6B8E7}.AppStore|iPhoneSimulator.ActiveCfg = AppStore|iPhoneSimulator
		{0B69E8EA-02CE-4DFD-AB52-31F6F9E6B8E7}.AppStore|iPhoneSimulator.Build.0 = AppStore|iPhoneSimulator
		{0B69E8EA-02CE-4DFD-AB52-31F6F9E6B8E7}.Debug|Any CPU.ActiveCfg = Debug|iPhoneSimulator
		{0B69E8EA-02CE-4DFD-AB52-31F6F9E6B8E7}.Debug|iPhone.ActiveCfg = Debug|iPhone
		{0B69E8EA-02CE-4DFD-AB52-31F6F9E6B8E7}.Debug|iPhone.Build.0 = Debug|iPhone
		{0B69E8EA-02CE-4DFD-AB52-31F6F9E6B8E7}.Debug|iPhoneSimulator.ActiveCfg = Debug|iPhoneSimulator
		{0B69E8EA-02CE-4DFD-AB52-31F6F9E6B8E7}.Debug|iPhoneSimulator.Build.0 = Debug|iPhoneSimulator
		{0B69E8EA-02CE-4DFD-AB52-31F6F9E6B8E7}.Release|Any CPU.ActiveCfg = Release|iPhoneSimulator
		{0B69E8EA-02CE-4DFD-AB52-31F6F9E6B8E7}.Release|iPhone.ActiveCfg = Release|iPhone
		{0B69E8EA-02CE-4DFD-AB52-31F6F9E6B8E7}.Release|iPhone.Build.0 = Release|iPhone
		{0B69E8EA-02CE-4DFD-AB52-31F6F9E6B8E7}.Release|iPhoneSimulator.ActiveCfg = Release|iPhoneSimulator
		{0B69E8EA-02CE-4DFD-AB52-31F6F9E6B8E7}.Release|iPhoneSimulator.Build.0 = Release|iPhoneSimulator
		{566B4EAB-8BF1-48B7-869D-104FA1F9A70D}.Ad-Hoc|Any CPU.ActiveCfg = Release|Any CPU
		{566B4EAB-8BF1-48B7-869D-104FA1F9A70D}.Ad-Hoc|Any CPU.Build.0 = Release|Any CPU
		{566B4EAB-8BF1-48B7-869D-104FA1F9A70D}.Ad-Hoc|iPhone.ActiveCfg = Release|Any CPU
		{566B4EAB-8BF1-48B7-869D-104FA1F9A70D}.Ad-Hoc|iPhone.Build.0 = Release|Any CPU
		{566B4EAB-8BF1-48B7-869D-104FA1F9A70D}.Ad-Hoc|iPhoneSimulator.ActiveCfg = Release|Any CPU
		{566B4EAB-8BF1-48B7-869D-104FA1F9A70D}.Ad-Hoc|iPhoneSimulator.Build.0 = Release|Any CPU
		{566B4EAB-8BF1-48B7-869D-104FA1F9A70D}.AppStore|Any CPU.ActiveCfg = Release|Any CPU
		{566B4EAB-8BF1-48B7-869D-104FA1F9A70D}.AppStore|Any CPU.Build.0 = Release|Any CPU
		{566B4EAB-8BF1-48B7-869D-104FA1F9A70D}.AppStore|iPhone.ActiveCfg = Release|Any CPU
		{566B4EAB-8BF1-48B7-869D-104FA1F9A70D}.AppStore|iPhone.Build.0 = Release|Any CPU
		{566B4EAB-8BF1-48B7-869D-104FA1F9A70D}.AppStore|iPhoneSimulator.ActiveCfg = Release|Any CPU
		{566B4EAB-8BF1-48B7-869D-104FA1F9A70D}.AppStore|iPhoneSimulator.Build.0 = Release|Any CPU
		{566B4EAB-8BF1-48B7-869D-104FA1F9A70D}.Debug|Any CPU.ActiveCfg = Debug|Any CPU
		{566B4EAB-8BF1-48B7-869D-104FA1F9A70D}.Debug|Any CPU.Build.0 = Debug|Any CPU
		{566B4EAB-8BF1-48B7-869D-104FA1F9A70D}.Debug|iPhone.ActiveCfg = Debug|Any CPU
		{566B4EAB-8BF1-48B7-869D-104FA1F9A70D}.Debug|iPhone.Build.0 = Debug|Any CPU
		{566B4EAB-8BF1-48B7-869D-104FA1F9A70D}.Debug|iPhoneSimulator.ActiveCfg = Debug|Any CPU
		{566B4EAB-8BF1-48B7-869D-104FA1F9A70D}.Debug|iPhoneSimulator.Build.0 = Debug|Any CPU
		{566B4EAB-8BF1-48B7-869D-104FA1F9A70D}.Release|Any CPU.ActiveCfg = Release|Any CPU
		{566B4EAB-8BF1-48B7-869D-104FA1F9A70D}.Release|Any CPU.Build.0 = Release|Any CPU
		{566B4EAB-8BF1-48B7-869D-104FA1F9A70D}.Release|iPhone.ActiveCfg = Release|Any CPU
		{566B4EAB-8BF1-48B7-869D-104FA1F9A70D}.Release|iPhone.Build.0 = Release|Any CPU
		{566B4EAB-8BF1-48B7-869D-104FA1F9A70D}.Release|iPhoneSimulator.ActiveCfg = Release|Any CPU
		{566B4EAB-8BF1-48B7-869D-104FA1F9A70D}.Release|iPhoneSimulator.Build.0 = Release|Any CPU
		{1A611F15-58EB-40F4-A134-DA0A07ED2CBD}.Ad-Hoc|Any CPU.ActiveCfg = Release|Any CPU
		{1A611F15-58EB-40F4-A134-DA0A07ED2CBD}.Ad-Hoc|Any CPU.Build.0 = Release|Any CPU
		{1A611F15-58EB-40F4-A134-DA0A07ED2CBD}.Ad-Hoc|iPhone.ActiveCfg = Release|Any CPU
		{1A611F15-58EB-40F4-A134-DA0A07ED2CBD}.Ad-Hoc|iPhone.Build.0 = Release|Any CPU
		{1A611F15-58EB-40F4-A134-DA0A07ED2CBD}.Ad-Hoc|iPhoneSimulator.ActiveCfg = Release|Any CPU
		{1A611F15-58EB-40F4-A134-DA0A07ED2CBD}.Ad-Hoc|iPhoneSimulator.Build.0 = Release|Any CPU
		{1A611F15-58EB-40F4-A134-DA0A07ED2CBD}.AppStore|Any CPU.ActiveCfg = Release|Any CPU
		{1A611F15-58EB-40F4-A134-DA0A07ED2CBD}.AppStore|Any CPU.Build.0 = Release|Any CPU
		{1A611F15-58EB-40F4-A134-DA0A07ED2CBD}.AppStore|iPhone.ActiveCfg = Release|Any CPU
		{1A611F15-58EB-40F4-A134-DA0A07ED2CBD}.AppStore|iPhone.Build.0 = Release|Any CPU
		{1A611F15-58EB-40F4-A134-DA0A07ED2CBD}.AppStore|iPhoneSimulator.ActiveCfg = Release|Any CPU
		{1A611F15-58EB-40F4-A134-DA0A07ED2CBD}.AppStore|iPhoneSimulator.Build.0 = Release|Any CPU
		{1A611F15-58EB-40F4-A134-DA0A07ED2CBD}.Debug|Any CPU.ActiveCfg = Debug|Any CPU
		{1A611F15-58EB-40F4-A134-DA0A07ED2CBD}.Debug|Any CPU.Build.0 = Debug|Any CPU
		{1A611F15-58EB-40F4-A134-DA0A07ED2CBD}.Debug|iPhone.ActiveCfg = Debug|Any CPU
		{1A611F15-58EB-40F4-A134-DA0A07ED2CBD}.Debug|iPhone.Build.0 = Debug|Any CPU
		{1A611F15-58EB-40F4-A134-DA0A07ED2CBD}.Debug|iPhoneSimulator.ActiveCfg = Debug|Any CPU
		{1A611F15-58EB-40F4-A134-DA0A07ED2CBD}.Debug|iPhoneSimulator.Build.0 = Debug|Any CPU
		{1A611F15-58EB-40F4-A134-DA0A07ED2CBD}.Release|Any CPU.ActiveCfg = Release|Any CPU
		{1A611F15-58EB-40F4-A134-DA0A07ED2CBD}.Release|Any CPU.Build.0 = Release|Any CPU
		{1A611F15-58EB-40F4-A134-DA0A07ED2CBD}.Release|iPhone.ActiveCfg = Release|Any CPU
		{1A611F15-58EB-40F4-A134-DA0A07ED2CBD}.Release|iPhone.Build.0 = Release|Any CPU
		{1A611F15-58EB-40F4-A134-DA0A07ED2CBD}.Release|iPhoneSimulator.ActiveCfg = Release|Any CPU
		{1A611F15-58EB-40F4-A134-DA0A07ED2CBD}.Release|iPhoneSimulator.Build.0 = Release|Any CPU
		{00713D0D-287B-415D-9E48-EF7793CF2F36}.Ad-Hoc|Any CPU.ActiveCfg = Release|Any CPU
		{00713D0D-287B-415D-9E48-EF7793CF2F36}.Ad-Hoc|Any CPU.Build.0 = Release|Any CPU
		{00713D0D-287B-415D-9E48-EF7793CF2F36}.Ad-Hoc|iPhone.ActiveCfg = Release|Any CPU
		{00713D0D-287B-415D-9E48-EF7793CF2F36}.Ad-Hoc|iPhone.Build.0 = Release|Any CPU
		{00713D0D-287B-415D-9E48-EF7793CF2F36}.Ad-Hoc|iPhoneSimulator.ActiveCfg = Release|Any CPU
		{00713D0D-287B-415D-9E48-EF7793CF2F36}.Ad-Hoc|iPhoneSimulator.Build.0 = Release|Any CPU
		{00713D0D-287B-415D-9E48-EF7793CF2F36}.AppStore|Any CPU.ActiveCfg = Release|Any CPU
		{00713D0D-287B-415D-9E48-EF7793CF2F36}.AppStore|Any CPU.Build.0 = Release|Any CPU
		{00713D0D-287B-415D-9E48-EF7793CF2F36}.AppStore|iPhone.ActiveCfg = Release|Any CPU
		{00713D0D-287B-415D-9E48-EF7793CF2F36}.AppStore|iPhone.Build.0 = Release|Any CPU
		{00713D0D-287B-415D-9E48-EF7793CF2F36}.AppStore|iPhoneSimulator.ActiveCfg = Release|Any CPU
		{00713D0D-287B-415D-9E48-EF7793CF2F36}.AppStore|iPhoneSimulator.Build.0 = Release|Any CPU
		{00713D0D-287B-415D-9E48-EF7793CF2F36}.Debug|Any CPU.ActiveCfg = Debug|Any CPU
		{00713D0D-287B-415D-9E48-EF7793CF2F36}.Debug|Any CPU.Build.0 = Debug|Any CPU
		{00713D0D-287B-415D-9E48-EF7793CF2F36}.Debug|iPhone.ActiveCfg = Debug|Any CPU
		{00713D0D-287B-415D-9E48-EF7793CF2F36}.Debug|iPhone.Build.0 = Debug|Any CPU
		{00713D0D-287B-415D-9E48-EF7793CF2F36}.Debug|iPhoneSimulator.ActiveCfg = Debug|Any CPU
		{00713D0D-287B-415D-9E48-EF7793CF2F36}.Debug|iPhoneSimulator.Build.0 = Debug|Any CPU
		{00713D0D-287B-415D-9E48-EF7793CF2F36}.Release|Any CPU.ActiveCfg = Release|Any CPU
		{00713D0D-287B-415D-9E48-EF7793CF2F36}.Release|Any CPU.Build.0 = Release|Any CPU
		{00713D0D-287B-415D-9E48-EF7793CF2F36}.Release|iPhone.ActiveCfg = Release|Any CPU
		{00713D0D-287B-415D-9E48-EF7793CF2F36}.Release|iPhone.Build.0 = Release|Any CPU
		{00713D0D-287B-415D-9E48-EF7793CF2F36}.Release|iPhoneSimulator.ActiveCfg = Release|Any CPU
		{00713D0D-287B-415D-9E48-EF7793CF2F36}.Release|iPhoneSimulator.Build.0 = Release|Any CPU
	EndGlobalSection
	GlobalSection(SolutionProperties) = preSolution
		HideSolutionNode = FALSE
	EndGlobalSection
	GlobalSection(ExtensibilityGlobals) = postSolution
		SolutionGuid = {1EE58E11-0404-4FA7-BDF7-7E47BA0CF177}
	EndGlobalSection
EndGlobal
